
Microsoft Visual Studio Solution File, Format Version 12.00
# Visual Studio Version 17
VisualStudioVersion = 17.0.31903.59
MinimumVisualStudioVersion = 10.0.40219.1
Project("{2150E333-8FDC-42A3-9474-1A3956D46DE8}") = "1 - App", "1 - App", "{A764B75F-83BD-4298-AD10-F001E8D6018B}"
EndProject
Project("{2150E333-8FDC-42A3-9474-1A3956D46DE8}") = "4 - Control", "4 - Control", "{15BCC780-60A4-4147-A6B7-8F3BBA5C61E2}"
EndProject
Project("{2150E333-8FDC-42A3-9474-1A3956D46DE8}") = "Kitware", "Kitware", "{4FBE11B1-D209-47FE-8087-D485D8D6B82E}"
EndProject
Project("{FAE04EC0-301F-11D3-BF4B-00C04F79EFBC}") = "Kitware.mummy.Runtime", "..\Source\Kitware\Kitware.mummy.Runtime\Kitware.mummy.Runtime.csproj", "{3DD36B25-40DF-4A5A-A174-BA0063271D95}"
EndProject
Project("{FAE04EC0-301F-11D3-BF4B-00C04F79EFBC}") = "Kitware.VTK", "..\Source\Kitware\Kitware.VTK\Kitware.VTK.csproj", "{2CBF84A4-7301-4915-881F-5921AF4BB328}"
EndProject
Project("{9A19103F-16F7-4668-BE54-9A1E7A4F7556}") = "HeBianGu.Drawing3D.VTK", "..\Source\Control\HeBianGu.Drawing3D.VTK\HeBianGu.Drawing3D.VTK.csproj", "{C0770E4B-A8C8-42F2-A3A1-12E5A32A109D}"
EndProject
Project("{9A19103F-16F7-4668-BE54-9A1E7A4F7556}") = "HeBianGu.Test.VTK", "..\Source\App\HeBianGu.Test.VTK\HeBianGu.Test.VTK.csproj", "{D9EF61C5-8785-463A-A7F2-408F245ED01C}"
EndProject
Project("{2150E333-8FDC-42A3-9474-1A3956D46DE8}") = "1 - Examples", "1 - Examples", "{4262F1F4-853B-405F-AB53-7F94FCD3AAA2}"
EndProject
Project("{FAE04EC0-301F-11D3-BF4B-00C04F79EFBC}") = "BoxWidget", "..\Source\Examples\BoxWidget\BoxWidget.csproj", "{6110C82D-82A9-4703-A28A-862F73B22384}"
EndProject
Project("{FAE04EC0-301F-11D3-BF4B-00C04F79EFBC}") = "CubeAxes", "..\Source\Examples\CubeAxes\CubeAxes.csproj", "{7DA1B5F7-02E3-4A6E-85BF-2EC2E911162A}"
EndProject
Project("{FAE04EC0-301F-11D3-BF4B-00C04F79EFBC}") = "Decimate", "..\Source\Examples\Decimate\Decimate.csproj", "{C946FF73-93AC-4546-9AE9-5FEB0C446BFF}"
EndProject
Project("{FAE04EC0-301F-11D3-BF4B-00C04F79EFBC}") = "DelMesh", "..\Source\Examples\DelMesh\DelMesh.csproj", "{39173C65-525A-4812-BA8F-24DE9085F2CE}"
EndProject
Project("{FAE04EC0-301F-11D3-BF4B-00C04F79EFBC}") = "Dialog", "..\Source\Examples\Dialog\Dialog.csproj", "{9EA6E9D8-FE4C-4FBE-A88E-BC6304CC7294}"
EndProject
Project("{FAE04EC0-301F-11D3-BF4B-00C04F79EFBC}") = "EventMonitor", "..\Source\Examples\EventMonitor\EventMonitor.csproj", "{B35A27FB-4F20-41A0-BF67-ED91D3491917}"
EndProject
Project("{FAE04EC0-301F-11D3-BF4B-00C04F79EFBC}") = "FileTree", "..\Source\Examples\FileTree\FileTree\FileTree.csproj", "{4821EE04-7FAD-420E-AFD8-ED32CA7AD174}"
EndProject
Project("{FAE04EC0-301F-11D3-BF4B-00C04F79EFBC}") = "HelloVTKConsole", "..\Source\Examples\HelloVTKConsole\HelloVTKConsole.csproj", "{2CF2F64A-0B3E-4A7D-9D22-6DBB652067AF}"
EndProject
Project("{FAE04EC0-301F-11D3-BF4B-00C04F79EFBC}") = "HelloVTKForm", "..\Source\Examples\HelloVTKForm\HelloVTKForm.csproj", "{0C704E69-6C98-4C5C-8B82-D940FF767BE9}"
EndProject
Project("{FAE04EC0-301F-11D3-BF4B-00C04F79EFBC}") = "SpherePuzzle", "..\Source\Examples\SpherePuzzle\SpherePuzzle.csproj", "{7A80E87A-02A9-43A5-9F19-25168A33362C}"
EndProject
Project("{FAE04EC0-301F-11D3-BF4B-00C04F79EFBC}") = "Streamline", "..\Source\Examples\Streamline\Streamline.csproj", "{55022DC0-92D6-450F-8A2E-37ECC81A36F0}"
EndProject
Project("{FAE04EC0-301F-11D3-BF4B-00C04F79EFBC}") = "VolumeRendering", "..\Source\Examples\VolumeRendering\VolumeRendering.csproj", "{EECB0EA5-0227-46A8-9A72-7635C512EB41}"
EndProject
Project("{FAE04EC0-301F-11D3-BF4B-00C04F79EFBC}") = "Wikipedia", "..\Source\Examples\Wikipedia\Wikipedia.csproj", "{B48C1EE5-28E8-41D7-BEB0-53B2EAD15060}"
EndProject
Global
	GlobalSection(SolutionConfigurationPlatforms) = preSolution
		Debug|Any CPU = Debug|Any CPU
		Debug|x64 = Debug|x64
		Release|Any CPU = Release|Any CPU
		Release|x64 = Release|x64
	EndGlobalSection
	GlobalSection(ProjectConfigurationPlatforms) = postSolution
		{3DD36B25-40DF-4A5A-A174-BA0063271D95}.Debug|Any CPU.ActiveCfg = Debug|x64
		{3DD36B25-40DF-4A5A-A174-BA0063271D95}.Debug|Any CPU.Build.0 = Debug|x64
		{3DD36B25-40DF-4A5A-A174-BA0063271D95}.Debug|x64.ActiveCfg = Debug|x64
		{3DD36B25-40DF-4A5A-A174-BA0063271D95}.Debug|x64.Build.0 = Debug|x64
		{3DD36B25-40DF-4A5A-A174-BA0063271D95}.Release|Any CPU.ActiveCfg = Release|x64
		{3DD36B25-40DF-4A5A-A174-BA0063271D95}.Release|Any CPU.Build.0 = Release|x64
		{3DD36B25-40DF-4A5A-A174-BA0063271D95}.Release|x64.ActiveCfg = Release|x64
		{3DD36B25-40DF-4A5A-A174-BA0063271D95}.Release|x64.Build.0 = Release|x64
		{2CBF84A4-7301-4915-881F-5921AF4BB328}.Debug|Any CPU.ActiveCfg = Debug|x64
		{2CBF84A4-7301-4915-881F-5921AF4BB328}.Debug|Any CPU.Build.0 = Debug|x64
		{2CBF84A4-7301-4915-881F-5921AF4BB328}.Debug|x64.ActiveCfg = Debug|x64
		{2CBF84A4-7301-4915-881F-5921AF4BB328}.Debug|x64.Build.0 = Debug|x64
		{2CBF84A4-7301-4915-881F-5921AF4BB328}.Release|Any CPU.ActiveCfg = Release|x64
		{2CBF84A4-7301-4915-881F-5921AF4BB328}.Release|Any CPU.Build.0 = Release|x64
		{2CBF84A4-7301-4915-881F-5921AF4BB328}.Release|x64.ActiveCfg = Release|x64
		{2CBF84A4-7301-4915-881F-5921AF4BB328}.Release|x64.Build.0 = Release|x64
		{C0770E4B-A8C8-42F2-A3A1-12E5A32A109D}.Debug|Any CPU.ActiveCfg = Debug|Any CPU
		{C0770E4B-A8C8-42F2-A3A1-12E5A32A109D}.Debug|Any CPU.Build.0 = Debug|Any CPU
		{C0770E4B-A8C8-42F2-A3A1-12E5A32A109D}.Debug|x64.ActiveCfg = Debug|Any CPU
		{C0770E4B-A8C8-42F2-A3A1-12E5A32A109D}.Debug|x64.Build.0 = Debug|Any CPU
		{C0770E4B-A8C8-42F2-A3A1-12E5A32A109D}.Release|Any CPU.ActiveCfg = Release|Any CPU
		{C0770E4B-A8C8-42F2-A3A1-12E5A32A109D}.Release|Any CPU.Build.0 = Release|Any CPU
		{C0770E4B-A8C8-42F2-A3A1-12E5A32A109D}.Release|x64.ActiveCfg = Release|Any CPU
		{C0770E4B-A8C8-42F2-A3A1-12E5A32A109D}.Release|x64.Build.0 = Release|Any CPU
		{D9EF61C5-8785-463A-A7F2-408F245ED01C}.Debug|Any CPU.ActiveCfg = Debug|Any CPU
		{D9EF61C5-8785-463A-A7F2-408F245ED01C}.Debug|Any CPU.Build.0 = Debug|Any CPU
		{D9EF61C5-8785-463A-A7F2-408F245ED01C}.Debug|x64.ActiveCfg = Debug|Any CPU
		{D9EF61C5-8785-463A-A7F2-408F245ED01C}.Debug|x64.Build.0 = Debug|Any CPU
		{D9EF61C5-8785-463A-A7F2-408F245ED01C}.Release|Any CPU.ActiveCfg = Release|Any CPU
		{D9EF61C5-8785-463A-A7F2-408F245ED01C}.Release|Any CPU.Build.0 = Release|Any CPU
		{D9EF61C5-8785-463A-A7F2-408F245ED01C}.Release|x64.ActiveCfg = Release|Any CPU
		{D9EF61C5-8785-463A-A7F2-408F245ED01C}.Release|x64.Build.0 = Release|Any CPU
		{6110C82D-82A9-4703-A28A-862F73B22384}.Debug|Any CPU.ActiveCfg = Debug|Any CPU
		{6110C82D-82A9-4703-A28A-862F73B22384}.Debug|Any CPU.Build.0 = Debug|Any CPU
		{6110C82D-82A9-4703-A28A-862F73B22384}.Debug|x64.ActiveCfg = Debug|Any CPU
		{6110C82D-82A9-4703-A28A-862F73B22384}.Debug|x64.Build.0 = Debug|Any CPU
		{6110C82D-82A9-4703-A28A-862F73B22384}.Release|Any CPU.ActiveCfg = Release|Any CPU
		{6110C82D-82A9-4703-A28A-862F73B22384}.Release|Any CPU.Build.0 = Release|Any CPU
		{6110C82D-82A9-4703-A28A-862F73B22384}.Release|x64.ActiveCfg = Release|Any CPU
		{6110C82D-82A9-4703-A28A-862F73B22384}.Release|x64.Build.0 = Release|Any CPU
		{7DA1B5F7-02E3-4A6E-85BF-2EC2E911162A}.Debug|Any CPU.ActiveCfg = Debug|Any CPU
		{7DA1B5F7-02E3-4A6E-85BF-2EC2E911162A}.Debug|Any CPU.Build.0 = Debug|Any CPU
		{7DA1B5F7-02E3-4A6E-85BF-2EC2E911162A}.Debug|x64.ActiveCfg = Debug|Any CPU
		{7DA1B5F7-02E3-4A6E-85BF-2EC2E911162A}.Debug|x64.Build.0 = Debug|Any CPU
		{7DA1B5F7-02E3-4A6E-85BF-2EC2E911162A}.Release|Any CPU.ActiveCfg = Release|Any CPU
		{7DA1B5F7-02E3-4A6E-85BF-2EC2E911162A}.Release|Any CPU.Build.0 = Release|Any CPU
		{7DA1B5F7-02E3-4A6E-85BF-2EC2E911162A}.Release|x64.ActiveCfg = Release|Any CPU
		{7DA1B5F7-02E3-4A6E-85BF-2EC2E911162A}.Release|x64.Build.0 = Release|Any CPU
		{C946FF73-93AC-4546-9AE9-5FEB0C446BFF}.Debug|Any CPU.ActiveCfg = Debug|Any CPU
		{C946FF73-93AC-4546-9AE9-5FEB0C446BFF}.Debug|Any CPU.Build.0 = Debug|Any CPU
		{C946FF73-93AC-4546-9AE9-5FEB0C446BFF}.Debug|x64.ActiveCfg = Debug|Any CPU
		{C946FF73-93AC-4546-9AE9-5FEB0C446BFF}.Debug|x64.Build.0 = Debug|Any CPU
		{C946FF73-93AC-4546-9AE9-5FEB0C446BFF}.Release|Any CPU.ActiveCfg = Release|Any CPU
		{C946FF73-93AC-4546-9AE9-5FEB0C446BFF}.Release|Any CPU.Build.0 = Release|Any CPU
		{C946FF73-93AC-4546-9AE9-5FEB0C446BFF}.Release|x64.ActiveCfg = Release|Any CPU
		{C946FF73-93AC-4546-9AE9-5FEB0C446BFF}.Release|x64.Build.0 = Release|Any CPU
		{39173C65-525A-4812-BA8F-24DE9085F2CE}.Debug|Any CPU.ActiveCfg = Debug|Any CPU
		{39173C65-525A-4812-BA8F-24DE9085F2CE}.Debug|Any CPU.Build.0 = Debug|Any CPU
		{39173C65-525A-4812-BA8F-24DE9085F2CE}.Debug|x64.ActiveCfg = Debug|Any CPU
		{39173C65-525A-4812-BA8F-24DE9085F2CE}.Debug|x64.Build.0 = Debug|Any CPU
		{39173C65-525A-4812-BA8F-24DE9085F2CE}.Release|Any CPU.ActiveCfg = Release|Any CPU
		{39173C65-525A-4812-BA8F-24DE9085F2CE}.Release|Any CPU.Build.0 = Release|Any CPU
		{39173C65-525A-4812-BA8F-24DE9085F2CE}.Release|x64.ActiveCfg = Release|Any CPU
		{39173C65-525A-4812-BA8F-24DE9085F2CE}.Release|x64.Build.0 = Release|Any CPU
		{9EA6E9D8-FE4C-4FBE-A88E-BC6304CC7294}.Debug|Any CPU.ActiveCfg = Debug|Any CPU
		{9EA6E9D8-FE4C-4FBE-A88E-BC6304CC7294}.Debug|Any CPU.Build.0 = Debug|Any CPU
		{9EA6E9D8-FE4C-4FBE-A88E-BC6304CC7294}.Debug|x64.ActiveCfg = Debug|Any CPU
		{9EA6E9D8-FE4C-4FBE-A88E-BC6304CC7294}.Debug|x64.Build.0 = Debug|Any CPU
		{9EA6E9D8-FE4C-4FBE-A88E-BC6304CC7294}.Release|Any CPU.ActiveCfg = Release|Any CPU
		{9EA6E9D8-FE4C-4FBE-A88E-BC6304CC7294}.Release|Any CPU.Build.0 = Release|Any CPU
		{9EA6E9D8-FE4C-4FBE-A88E-BC6304CC7294}.Release|x64.ActiveCfg = Release|Any CPU
		{9EA6E9D8-FE4C-4FBE-A88E-BC6304CC7294}.Release|x64.Build.0 = Release|Any CPU
		{B35A27FB-4F20-41A0-BF67-ED91D3491917}.Debug|Any CPU.ActiveCfg = Debug|x64
		{B35A27FB-4F20-41A0-BF67-ED91D3491917}.Debug|Any CPU.Build.0 = Debug|x64
		{B35A27FB-4F20-41A0-BF67-ED91D3491917}.Debug|x64.ActiveCfg = Debug|x64
		{B35A27FB-4F20-41A0-BF67-ED91D3491917}.Debug|x64.Build.0 = Debug|x64
		{B35A27FB-4F20-41A0-BF67-ED91D3491917}.Release|Any CPU.ActiveCfg = Release|x64
		{B35A27FB-4F20-41A0-BF67-ED91D3491917}.Release|Any CPU.Build.0 = Release|x64
		{B35A27FB-4F20-41A0-BF67-ED91D3491917}.Release|x64.ActiveCfg = Release|x64
		{B35A27FB-4F20-41A0-BF67-ED91D3491917}.Release|x64.Build.0 = Release|x64
		{4821EE04-7FAD-420E-AFD8-ED32CA7AD174}.Debug|Any CPU.ActiveCfg = Debug|x64
		{4821EE04-7FAD-420E-AFD8-ED32CA7AD174}.Debug|Any CPU.Build.0 = Debug|x64
		{4821EE04-7FAD-420E-AFD8-ED32CA7AD174}.Debug|x64.ActiveCfg = Debug|x64
		{4821EE04-7FAD-420E-AFD8-ED32CA7AD174}.Debug|x64.Build.0 = Debug|x64
		{4821EE04-7FAD-420E-AFD8-ED32CA7AD174}.Release|Any CPU.ActiveCfg = Release|x64
		{4821EE04-7FAD-420E-AFD8-ED32CA7AD174}.Release|Any CPU.Build.0 = Release|x64
		{4821EE04-7FAD-420E-AFD8-ED32CA7AD174}.Release|x64.ActiveCfg = Release|x64
		{4821EE04-7FAD-420E-AFD8-ED32CA7AD174}.Release|x64.Build.0 = Release|x64
		{2CF2F64A-0B3E-4A7D-9D22-6DBB652067AF}.Debug|Any CPU.ActiveCfg = Debug|x64
		{2CF2F64A-0B3E-4A7D-9D22-6DBB652067AF}.Debug|Any CPU.Build.0 = Debug|x64
		{2CF2F64A-0B3E-4A7D-9D22-6DBB652067AF}.Debug|x64.ActiveCfg = Debug|x64
		{2CF2F64A-0B3E-4A7D-9D22-6DBB652067AF}.Debug|x64.Build.0 = Debug|x64
		{2CF2F64A-0B3E-4A7D-9D22-6DBB652067AF}.Release|Any CPU.ActiveCfg = Release|x64
		{2CF2F64A-0B3E-4A7D-9D22-6DBB652067AF}.Release|Any CPU.Build.0 = Release|x64
		{2CF2F64A-0B3E-4A7D-9D22-6DBB652067AF}.Release|x64.ActiveCfg = Release|x64
		{2CF2F64A-0B3E-4A7D-9D22-6DBB652067AF}.Release|x64.Build.0 = Release|x64
		{0C704E69-6C98-4C5C-8B82-D940FF767BE9}.Debug|Any CPU.ActiveCfg = Debug|x64
		{0C704E69-6C98-4C5C-8B82-D940FF767BE9}.Debug|Any CPU.Build.0 = Debug|x64
		{0C704E69-6C98-4C5C-8B82-D940FF767BE9}.Debug|x64.ActiveCfg = Debug|x64
		{0C704E69-6C98-4C5C-8B82-D940FF767BE9}.Debug|x64.Build.0 = Debug|x64
		{0C704E69-6C98-4C5C-8B82-D940FF767BE9}.Release|Any CPU.ActiveCfg = Release|x64
		{0C704E69-6C98-4C5C-8B82-D940FF767BE9}.Release|Any CPU.Build.0 = Release|x64
		{0C704E69-6C98-4C5C-8B82-D940FF767BE9}.Release|x64.ActiveCfg = Release|x64
		{0C704E69-6C98-4C5C-8B82-D940FF767BE9}.Release|x64.Build.0 = Release|x64
		{7A80E87A-02A9-43A5-9F19-25168A33362C}.Debug|Any CPU.ActiveCfg = Debug|x64
		{7A80E87A-02A9-43A5-9F19-25168A33362C}.Debug|Any CPU.Build.0 = Debug|x64
		{7A80E87A-02A9-43A5-9F19-25168A33362C}.Debug|x64.ActiveCfg = Debug|x64
		{7A80E87A-02A9-43A5-9F19-25168A33362C}.Debug|x64.Build.0 = Debug|x64
		{7A80E87A-02A9-43A5-9F19-25168A33362C}.Release|Any CPU.ActiveCfg = Release|x64
		{7A80E87A-02A9-43A5-9F19-25168A33362C}.Release|Any CPU.Build.0 = Release|x64
		{7A80E87A-02A9-43A5-9F19-25168A33362C}.Release|x64.ActiveCfg = Release|x64
		{7A80E87A-02A9-43A5-9F19-25168A33362C}.Release|x64.Build.0 = Release|x64
		{55022DC0-92D6-450F-8A2E-37ECC81A36F0}.Debug|Any CPU.ActiveCfg = Debug|Any CPU
		{55022DC0-92D6-450F-8A2E-37ECC81A36F0}.Debug|Any CPU.Build.0 = Debug|Any CPU
		{55022DC0-92D6-450F-8A2E-37ECC81A36F0}.Debug|x64.ActiveCfg = Debug|Any CPU
		{55022DC0-92D6-450F-8A2E-37ECC81A36F0}.Debug|x64.Build.0 = Debug|Any CPU
		{55022DC0-92D6-450F-8A2E-37ECC81A36F0}.Release|Any CPU.ActiveCfg = Release|Any CPU
		{55022DC0-92D6-450F-8A2E-37ECC81A36F0}.Release|Any CPU.Build.0 = Release|Any CPU
		{55022DC0-92D6-450F-8A2E-37ECC81A36F0}.Release|x64.ActiveCfg = Release|Any CPU
		{55022DC0-92D6-450F-8A2E-37ECC81A36F0}.Release|x64.Build.0 = Release|Any CPU
		{EECB0EA5-0227-46A8-9A72-7635C512EB41}.Debug|Any CPU.ActiveCfg = Debug|x64
		{EECB0EA5-0227-46A8-9A72-7635C512EB41}.Debug|Any CPU.Build.0 = Debug|x64
		{EECB0EA5-0227-46A8-9A72-7635C512EB41}.Debug|x64.ActiveCfg = Debug|x64
		{EECB0EA5-0227-46A8-9A72-7635C512EB41}.Debug|x64.Build.0 = Debug|x64
		{EECB0EA5-0227-46A8-9A72-7635C512EB41}.Release|Any CPU.ActiveCfg = Release|x64
		{EECB0EA5-0227-46A8-9A72-7635C512EB41}.Release|Any CPU.Build.0 = Release|x64
		{EECB0EA5-0227-46A8-9A72-7635C512EB41}.Release|x64.ActiveCfg = Release|x64
		{EECB0EA5-0227-46A8-9A72-7635C512EB41}.Release|x64.Build.0 = Release|x64
		{B48C1EE5-28E8-41D7-BEB0-53B2EAD15060}.Debug|Any CPU.ActiveCfg = Debug|x64
		{B48C1EE5-28E8-41D7-BEB0-53B2EAD15060}.Debug|Any CPU.Build.0 = Debug|x64
		{B48C1EE5-28E8-41D7-BEB0-53B2EAD15060}.Debug|x64.ActiveCfg = Debug|x64
		{B48C1EE5-28E8-41D7-BEB0-53B2EAD15060}.Debug|x64.Build.0 = Debug|x64
		{B48C1EE5-28E8-41D7-BEB0-53B2EAD15060}.Release|Any CPU.ActiveCfg = Release|x64
		{B48C1EE5-28E8-41D7-BEB0-53B2EAD15060}.Release|Any CPU.Build.0 = Release|x64
		{B48C1EE5-28E8-41D7-BEB0-53B2EAD15060}.Release|x64.ActiveCfg = Release|x64
		{B48C1EE5-28E8-41D7-BEB0-53B2EAD15060}.Release|x64.Build.0 = Release|x64
	EndGlobalSection
	GlobalSection(SolutionProperties) = preSolution
		HideSolutionNode = FALSE
	EndGlobalSection
	GlobalSection(NestedProjects) = preSolution
		{3DD36B25-40DF-4A5A-A174-BA0063271D95} = {4FBE11B1-D209-47FE-8087-D485D8D6B82E}
		{2CBF84A4-7301-4915-881F-5921AF4BB328} = {4FBE11B1-D209-47FE-8087-D485D8D6B82E}
		{C0770E4B-A8C8-42F2-A3A1-12E5A32A109D} = {15BCC780-60A4-4147-A6B7-8F3BBA5C61E2}
		{D9EF61C5-8785-463A-A7F2-408F245ED01C} = {A764B75F-83BD-4298-AD10-F001E8D6018B}
		{6110C82D-82A9-4703-A28A-862F73B22384} = {4262F1F4-853B-405F-AB53-7F94FCD3AAA2}
		{7DA1B5F7-02E3-4A6E-85BF-2EC2E911162A} = {4262F1F4-853B-405F-AB53-7F94FCD3AAA2}
		{C946FF73-93AC-4546-9AE9-5FEB0C446BFF} = {4262F1F4-853B-405F-AB53-7F94FCD3AAA2}
		{39173C65-525A-4812-BA8F-24DE9085F2CE} = {4262F1F4-853B-405F-AB53-7F94FCD3AAA2}
		{9EA6E9D8-FE4C-4FBE-A88E-BC6304CC7294} = {4262F1F4-853B-405F-AB53-7F94FCD3AAA2}
		{B35A27FB-4F20-41A0-BF67-ED91D3491917} = {4262F1F4-853B-405F-AB53-7F94FCD3AAA2}
		{4821EE04-7FAD-420E-AFD8-ED32CA7AD174} = {4262F1F4-853B-405F-AB53-7F94FCD3AAA2}
		{2CF2F64A-0B3E-4A7D-9D22-6DBB652067AF} = {4262F1F4-853B-405F-AB53-7F94FCD3AAA2}
		{0C704E69-6C98-4C5C-8B82-D940FF767BE9} = {4262F1F4-853B-405F-AB53-7F94FCD3AAA2}
		{7A80E87A-02A9-43A5-9F19-25168A33362C} = {4262F1F4-853B-405F-AB53-7F94FCD3AAA2}
		{55022DC0-92D6-450F-8A2E-37ECC81A36F0} = {4262F1F4-853B-405F-AB53-7F94FCD3AAA2}
		{EECB0EA5-0227-46A8-9A72-7635C512EB41} = {4262F1F4-853B-405F-AB53-7F94FCD3AAA2}
		{B48C1EE5-28E8-41D7-BEB0-53B2EAD15060} = {4262F1F4-853B-405F-AB53-7F94FCD3AAA2}
	EndGlobalSection
	GlobalSection(ExtensibilityGlobals) = postSolution
		SolutionGuid = {BFD1D60C-3AE8-4B64-A584-D76F8793C7F4}
	EndGlobalSection
EndGlobal
